using System;
using System.Collections.Generic;
using System.Linq;
using System.Text;
using System.Threading.Tasks;

namespace TrabalhoFinalCsharp
{
    class Program
    {
        static void Main(string[] args)
        {
            //Variáveis + Declaração de Vetores e Matrizes
            string[] A;
            int[] B;
            int[] C;
            int[] D;
            double[,] E;
            int N, M,X=0, maisde120 = 0,  tipodois = 0; ;
            double media, tot = 0,porcencada=0,porcentagem=0,menor=0, sommin = 0, valoresiguaisaum = 0;
            double[] F;
            // Instanciação Vetores A-D
            N = int.Parse(Console.ReadLine());
            A = new string[N];
            B = new int[N];
            C = new int[N];
            D = new int[N];
            F = new double[N];
            //Leitura de A=Nome,B=Telefone, C=Tipo , D=Quantidade de minutos.
            for (int i = 0; i < N; i++)
            {
                A[i] = Console.ReadLine();
                string[] vet = Console.ReadLine().Split(' ');
                B[i] = int.Parse(vet[0]);
                C[i] = int.Parse(vet[1]);
                D[i] = int.Parse(vet[2]);
            }
            // Instanciação Matriz E e 
            M = int.Parse(Console.ReadLine());
            E = new double[M, 2];
            //Leitura de cada elemento da matriz
            for (int i = 0; i < M; i++)
            {
                string[] tev = Console.ReadLine().Split(' ');
                for (int j = 0; j < 2; j++)
                {
                    E[i, j] = double.Parse(tev[j]);
                }
            }
            //Estipular o valor de cada conta
            for (int i = 0; i < N; i++)
            {
                if (C[i] == 0 && D[i] > 90)
                {
                    F[i] = E[0, 0] + ((D[i] - 90) * E[0, 1]);
                }
                else if (C[i] == 1 && D[i] > 90)
                {
                    F[i] = E[1, 0] + ((D[i] - 90) * E[1, 1]);
                }
                else if (C[i] == 2 && D[i] > 90)
                {
                    F[i] = E[2, 0] + ((D[i] - 90) * E[2, 1]);
                }
                else if (C[i] == 0 && D[i] <= 90)
                {
                    F[i] = E[0, 0];
                }
                else if (C[i] == 1 && D[i] <= 90)
                {
                    F[i] = E[1, 0];
                }
                else 
                {
                    F[i] = E[2, 0];
                }
                //Somatorio de todas as contas
                tot = tot + F[i];
            }
            Console.WriteLine("LISTAGEM DE CLIENTES: ");
            for (int i = 0; i < N; i++)
            {
                Console.WriteLine(A[i] + ", " + B[i] + ", Tipo: " + C[i] + ", Minutos: " + D[i] + ", Conta: " + F[i].ToString("F2"));
            }
            Console.WriteLine();
            Console.WriteLine("RECEITA TOTAL DA EMPRESA TELEFÔNICA: " + tot.ToString("F2"));
            Console.WriteLine();
            Console.WriteLine("NOME E TELEFONE DA CONTA MAIS BARATA: ");

            //Condicional para descobrir qual o cliente com a conta mais barata
            
            for (int i=0; i<N;i++)
            {
                if (F[0] > F[i])
                {
                    menor = F[i];
                    X = i;
                }
                else
                {
                    menor = F[0];
                }
            
            }
          
            Console.WriteLine(A[X]+" ,"+B[X]);
            Console.WriteLine();
            // Quais contas são tipo e + media de minutos dessas contas
            for (int i = 0; i < N; i++)
            {
                if (C[i] == 1)
                {
                    sommin = sommin + D[i];
                    valoresiguaisaum++;
                }
            }
            media = 1.0* (sommin / valoresiguaisaum);

            Console.WriteLine("MÉDIA DE MINUTOS PARA CLIENTES TIPO 1: " + media.ToString("F2"));
            Console.WriteLine();
            Console.WriteLine("NOMES E TELEFONES DE CLIENTES SEM EXCEDENTE: ");
            // Clientes com a conta igual ao um dos valores basicos -> SEM EXCEDENTE
            for (int i = 0; i < N; i++)
            {
                if ((F[i] == 25.5) || (F[i] == 35) || (F[i] == 60.0))
                {
                    Console.WriteLine(A[i] + ", " + B[i]);

                }

            }
            // Clientes com + de 120 minutos , contador
            for (int i = 0; i < N; i++)
            {
                if(D[i]>120)
                {
                    maisde120++;
                }
            }
            Console.WriteLine();
            Console.WriteLine("QUANTIDADE DE CLIENTES COM MAIS DE 120 MINUTOS: " + maisde120);
            Console.WriteLine();
            // Contador clientes tipo 2 + calculo porcentagem
            for (int i = 0; i < N; i++)
            {
                if (C[i] == 2)
                {
                    tipodois++;
                }   
                porcencada = 100 / N;
                porcentagem = porcencada * tipodois;
            }           
            Console.WriteLine("PORCENTAGEM DE CLIENTE TIPO 2: " + porcentagem.ToString("F2") + "%");
            Console.ReadLine();
        }
    }
}
